
Microsoft Visual Studio Solution File, Format Version 12.00
# Visual Studio Version 17
VisualStudioVersion = 17.2.32210.308
MinimumVisualStudioVersion = 10.0.40219.1
Project("{9A19103F-16F7-4668-BE54-9A1E7A4F7556}") = "wpf.learning", "wpf.learning\wpf.learning.csproj", "{E4723F8D-26F7-468C-B780-5A3DE3A27F36}"
EndProject
Project("{9A19103F-16F7-4668-BE54-9A1E7A4F7556}") = "wpf.learning.IoC", "wpf.learning.IoC\wpf.learning.IoC.csproj", "{284E25F3-7742-47FC-87B8-7FB7A6BB372E}"
EndProject
Project("{9A19103F-16F7-4668-BE54-9A1E7A4F7556}") = "wpf.learning.application", "wpf.learning.application\wpf.learning.application.csproj", "{B831688E-CD46-4E95-8910-0B6E6B64A56A}"
EndProject
Global
	GlobalSection(SolutionConfigurationPlatforms) = preSolution
		Debug|Any CPU = Debug|Any CPU
		Release|Any CPU = Release|Any CPU
	EndGlobalSection
	GlobalSection(ProjectConfigurationPlatforms) = postSolution
		{E4723F8D-26F7-468C-B780-5A3DE3A27F36}.Debug|Any CPU.ActiveCfg = Debug|Any CPU
		{E4723F8D-26F7-468C-B780-5A3DE3A27F36}.Debug|Any CPU.Build.0 = Debug|Any CPU
		{E4723F8D-26F7-468C-B780-5A3DE3A27F36}.Release|Any CPU.ActiveCfg = Release|Any CPU
		{E4723F8D-26F7-468C-B780-5A3DE3A27F36}.Release|Any CPU.Build.0 = Release|Any CPU
		{284E25F3-7742-47FC-87B8-7FB7A6BB372E}.Debug|Any CPU.ActiveCfg = Debug|Any CPU
		{284E25F3-7742-47FC-87B8-7FB7A6BB372E}.Debug|Any CPU.Build.0 = Debug|Any CPU
		{284E25F3-7742-47FC-87B8-7FB7A6BB372E}.Release|Any CPU.ActiveCfg = Release|Any CPU
		{284E25F3-7742-47FC-87B8-7FB7A6BB372E}.Release|Any CPU.Build.0 = Release|Any CPU
		{B831688E-CD46-4E95-8910-0B6E6B64A56A}.Debug|Any CPU.ActiveCfg = Debug|Any CPU
		{B831688E-CD46-4E95-8910-0B6E6B64A56A}.Debug|Any CPU.Build.0 = Debug|Any CPU
		{B831688E-CD46-4E95-8910-0B6E6B64A56A}.Release|Any CPU.ActiveCfg = Release|Any CPU
		{B831688E-CD46-4E95-8910-0B6E6B64A56A}.Release|Any CPU.Build.0 = Release|Any CPU
	EndGlobalSection
	GlobalSection(SolutionProperties) = preSolution
		HideSolutionNode = FALSE
	EndGlobalSection
	GlobalSection(ExtensibilityGlobals) = postSolution
		SolutionGuid = {7D06C5D4-1404-4D73-8686-63BDEC422A86}
	EndGlobalSection
EndGlobal
